
Microsoft Visual Studio Solution File, Format Version 12.00
# Visual Studio Version 16
VisualStudioVersion = 16.0.29403.142
MinimumVisualStudioVersion = 10.0.40219.1
Project("{1bb44fc0-7257-4822-8df9-67f3f96a6878}") = "RG_PovX", "RG_PovX.csproj", "{20445db3-6a45-4983-aa65-f3982f3a946d}"
EndProject
Global
	GlobalSection(SolutionConfigurationPlatforms) = preSolution
		Debug|Any CPU = Debug|Any CPU
		Release|Any CPU = Release|Any CPU
	EndGlobalSection
	GlobalSection(ProjectConfigurationPlatforms) = postSolution
		{20445db3-6a45-4983-aa65-f3982f3a946d}.Debug|Any CPU.ActiveCfg = Debug|Any CPU
		{20445db3-6a45-4983-aa65-f3982f3a946d}.Debug|Any CPU.Build.0 = Debug|Any CPU
		{20445db3-6a45-4983-aa65-f3982f3a946d}.Release|Any CPU.ActiveCfg = Release|Any CPU
		{20445db3-6a45-4983-aa65-f3982f3a946d}.Release|Any CPU.Build.0 = Release|Any CPU
	EndGlobalSection
	GlobalSection(SolutionProperties) = preSolution
		HideSolutionNode = FALSE
	EndGlobalSection
	GlobalSection(ExtensibilityGlobals) = postSolution
		SolutionGuid = {40742d3e-1383-497c-8096-e2602d0d55cd}
	EndGlobalSection
EndGlobal
